{
  "name": "subsonic",
  "version": "1.0.0",
  "lockfileVersion": 3,
  "requires": true,
  "packages": {
    "": {
      "name": "subsonic",
      "version": "1.0.0",
      "devDependencies": {
        "@songloft/plugin-builder": "^2.0.0-alpha.1",
        "@songloft/plugin-sdk": "^2.0.0-alpha.1",
        "typescript": "^5.9.3"
      }
    },
    "node_modules/@esbuild/win32-x64": {
      "version": "0.25.12",
      "cpu": [
        "x64"
      ],
      "dev": true,
      "license": "MIT",
      "optional": true,
      "os": [
        "win32"
      ],
      "engines": {
        "node": ">=18"
      }
    },
    "node_modules/@isaacs/cliui": {
      "version": "9.0.0",
      "dev": true,
      "license": "BlueOak-1.0.0",
      "engines": {
        "node": ">=18"
      }
    },
    "node_modules/@songloft/jsc": {
      "version": "2.0.0-alpha.1",
      "resolved": "https://registry.npmjs.org/@songloft/jsc/-/jsc-2.0.0-alpha.1.tgz",
      "integrity": "sha512-YO9G07oqn+uuVayRSrN24bGtuYBS125Sgn86wMW1+UCFI2FgQv1+FDNG4fR+9oYHZFbMtkTGnpdLBDaEFbLJ/Q==",
      "dev": true,
      "license": "Apache-2.0",
      "optionalDependencies": {
        "@songloft/jsc-darwin-arm64": "2.0.0-alpha.1",
        "@songloft/jsc-darwin-x64": "2.0.0-alpha.1",
        "@songloft/jsc-linux-arm64": "2.0.0-alpha.1",
        "@songloft/jsc-linux-x64": "2.0.0-alpha.1",
        "@songloft/jsc-win32-arm64": "2.0.0-alpha.1",
        "@songloft/jsc-win32-x64": "2.0.0-alpha.1"
      }
    },
    "node_modules/@songloft/jsc/node_modules/@songloft/jsc-darwin-arm64": {
      "version": "2.0.0-alpha.1",
      "resolved": "https://registry.npmjs.org/@songloft/jsc-darwin-arm64/-/jsc-darwin-arm64-2.0.0-alpha.1.tgz",
      "integrity": "sha512-o4rrL+fSGeRQ5nWLplc0NtcQ7FJMhD48ZRopIj3WrR+fxP2v6ixcdT7ntfrLlruQomamEkO3A5JEJhoAVA2JZg==",
      "dev": true,
      "license": "MIT",
      "optional": true
    },
    "node_modules/@songloft/jsc/node_modules/@songloft/jsc-darwin-x64": {
      "version": "2.0.0-alpha.1",
      "resolved": "https://registry.npmjs.org/@songloft/jsc-darwin-x64/-/jsc-darwin-x64-2.0.0-alpha.1.tgz",
      "integrity": "sha512-3SL9w+k1NpxrYSngwTPd6d7kKBJ80yDr65XWCDoRBY3FV/31Iau8ItCFzoZPPQuhU37OQDvA8yo6YWl+k6j9gw==",
      "dev": true,
      "license": "MIT",
      "optional": true
    },
    "node_modules/@songloft/jsc/node_modules/@songloft/jsc-linux-arm64": {
      "version": "2.0.0-alpha.1",
      "resolved": "https://registry.npmjs.org/@songloft/jsc-linux-arm64/-/jsc-linux-arm64-2.0.0-alpha.1.tgz",
      "integrity": "sha512-Igdx4tnLtKjxUOAVWrVdn3CP1VzJHihDu7VFTyvCqcKQYO0hdJ/U57mLDmSZwwRtjvms42a/0z++2yecM1SMMg==",
      "dev": true,
      "license": "MIT",
      "optional": true
    },
    "node_modules/@songloft/jsc/node_modules/@songloft/jsc-linux-x64": {
      "version": "2.0.0-alpha.1",
      "resolved": "https://registry.npmjs.org/@songloft/jsc-linux-x64/-/jsc-linux-x64-2.0.0-alpha.1.tgz",
      "integrity": "sha512-y+XJSoyIEznSPrUQoegbkYC9U6zpTG1gIpmJurp1CZnp7o6AHJspA3gzjZpvOHmllREvkdxZfDjg+EYr6hH8nA==",
      "dev": true,
      "license": "MIT",
      "optional": true
    },
    "node_modules/@songloft/jsc/node_modules/@songloft/jsc-win32-arm64": {
      "version": "2.0.0-alpha.1",
      "resolved": "https://registry.npmjs.org/@songloft/jsc-win32-arm64/-/jsc-win32-arm64-2.0.0-alpha.1.tgz",
      "integrity": "sha512-C9IN8F6J6a42+1K/3P/yHkK2VEwPYy0K2NyRxOa4tZ5agl8Y9VV35g581JmVHDtrKxrVYnG4/vP372O00HJLBA==",
      "dev": true,
      "license": "MIT",
      "optional": true
    },
    "node_modules/@songloft/jsc/node_modules/@songloft/jsc-win32-x64": {
      "version": "2.0.0-alpha.1",
      "resolved": "https://registry.npmjs.org/@songloft/jsc-win32-x64/-/jsc-win32-x64-2.0.0-alpha.1.tgz",
      "integrity": "sha512-KyFyX6CHXjSm/Y1YJAQTFXlQ3oaGuUYV4WN6Q6QIFikqS1wFBpJE35FJ2oQAjLlyRrrxn03IqUYN/4U9Szbamw==",
      "dev": true,
      "license": "MIT",
      "optional": true
    },
    "node_modules/@songloft/plugin-builder": {
      "version": "2.0.0-alpha.1",
      "resolved": "https://registry.npmjs.org/@songloft/plugin-builder/-/plugin-builder-2.0.0-alpha.1.tgz",
      "integrity": "sha512-z8t5e8MLzc2seoEMfYc3gbq2atSDKylhW/IyOPZJtNrysLMTSsHrS9Q45Jy5c+1L8nWEZ0s5Lbj1inLkiWVZrA==",
      "dev": true,
      "license": "Apache-2.0",
      "dependencies": {
        "@songloft/jsc": "2.0.0-alpha.1",
        "esbuild": "^0.25.0",
        "glob": "^11.0.0",
        "jszip": "^3.10.0"
      },
      "bin": {
        "songloft-plugin": "dist/cli.js"
      }
    },
    "node_modules/@songloft/plugin-sdk": {
      "version": "2.0.0-alpha.1",
      "resolved": "https://registry.npmjs.org/@songloft/plugin-sdk/-/plugin-sdk-2.0.0-alpha.1.tgz",
      "integrity": "sha512-oYME8X/gl/gDUoZxPtMHZ8dgbcIF+b7MJxQlm/LOCriG6f6sfNMnbhVVg2EN5u/IZq1EfGpAJeYPPGyE2zRw4w==",
      "dev": true,
      "license": "Apache-2.0"
    },
    "node_modules/balanced-match": {
      "version": "4.0.4",
      "dev": true,
      "license": "MIT",
      "engines": {
        "node": "18 || 20 || >=22"
      }
    },
    "node_modules/brace-expansion": {
      "version": "5.0.6",
      "dev": true,
      "license": "MIT",
      "dependencies": {
        "balanced-match": "^4.0.2"
      },
      "engines": {
        "node": "18 || 20 || >=22"
      }
    },
    "node_modules/core-util-is": {
      "version": "1.0.3",
      "dev": true,
      "license": "MIT"
    },
    "node_modules/cross-spawn": {
      "version": "7.0.6",
      "dev": true,
      "license": "MIT",
      "dependencies": {
        "path-key": "^3.1.0",
        "shebang-command": "^2.0.0",
        "which": "^2.0.1"
      },
      "engines": {
        "node": ">= 8"
      }
    },
    "node_modules/esbuild": {
      "version": "0.25.12",
      "dev": true,
      "hasInstallScript": true,
      "license": "MIT",
      "bin": {
        "esbuild": "bin/esbuild"
      },
      "engines": {
        "node": ">=18"
      },
      "optionalDependencies": {
        "@esbuild/aix-ppc64": "0.25.12",
        "@esbuild/android-arm": "0.25.12",
        "@esbuild/android-arm64": "0.25.12",
        "@esbuild/android-x64": "0.25.12",
        "@esbuild/darwin-arm64": "0.25.12",
        "@esbuild/darwin-x64": "0.25.12",
        "@esbuild/freebsd-arm64": "0.25.12",
        "@esbuild/freebsd-x64": "0.25.12",
        "@esbuild/linux-arm": "0.25.12",
        "@esbuild/linux-arm64": "0.25.12",
        "@esbuild/linux-ia32": "0.25.12",
        "@esbuild/linux-loong64": "0.25.12",
        "@esbuild/linux-mips64el": "0.25.12",
        "@esbuild/linux-ppc64": "0.25.12",
        "@esbuild/linux-riscv64": "0.25.12",
        "@esbuild/linux-s390x": "0.25.12",
        "@esbuild/linux-x64": "0.25.12",
        "@esbuild/netbsd-arm64": "0.25.12",
        "@esbuild/netbsd-x64": "0.25.12",
        "@esbuild/openbsd-arm64": "0.25.12",
        "@esbuild/openbsd-x64": "0.25.12",
        "@esbuild/openharmony-arm64": "0.25.12",
        "@esbuild/sunos-x64": "0.25.12",
        "@esbuild/win32-arm64": "0.25.12",
        "@esbuild/win32-ia32": "0.25.12",
        "@esbuild/win32-x64": "0.25.12"
      }
    },
    "node_modules/foreground-child": {
      "version": "3.3.1",
      "dev": true,
      "license": "ISC",
      "dependencies": {
        "cross-spawn": "^7.0.6",
        "signal-exit": "^4.0.1"
      },
      "engines": {
        "node": ">=14"
      },
      "funding": {
        "url": "https://github.com/sponsors/isaacs"
      }
    },
    "node_modules/glob": {
      "version": "11.1.0",
      "dev": true,
      "license": "BlueOak-1.0.0",
      "dependencies": {
        "foreground-child": "^3.3.1",
        "jackspeak": "^4.1.1",
        "minimatch": "^10.1.1",
        "minipass": "^7.1.2",
        "package-json-from-dist": "^1.0.0",
        "path-scurry": "^2.0.0"
      },
      "bin": {
        "glob": "dist/esm/bin.mjs"
      },
      "engines": {
        "node": "20 || >=22"
      },
      "funding": {
        "url": "https://github.com/sponsors/isaacs"
      }
    },
    "node_modules/immediate": {
      "version": "3.0.6",
      "dev": true,
      "license": "MIT"
    },
    "node_modules/inherits": {
      "version": "2.0.4",
      "dev": true,
      "license": "ISC"
    },
    "node_modules/isarray": {
      "version": "1.0.0",
      "dev": true,
      "license": "MIT"
    },
    "node_modules/isexe": {
      "version": "2.0.0",
      "dev": true,
      "license": "ISC"
    },
    "node_modules/jackspeak": {
      "version": "4.2.3",
      "dev": true,
      "license": "BlueOak-1.0.0",
      "dependencies": {
        "@isaacs/cliui": "^9.0.0"
      },
      "engines": {
        "node": "20 || >=22"
      },
      "funding": {
        "url": "https://github.com/sponsors/isaacs"
      }
    },
    "node_modules/jszip": {
      "version": "3.10.1",
      "dev": true,
      "license": "(MIT OR GPL-3.0-or-later)",
      "dependencies": {
        "lie": "~3.3.0",
        "pako": "~1.0.2",
        "readable-stream": "~2.3.6",
        "setimmediate": "^1.0.5"
      }
    },
    "node_modules/lie": {
      "version": "3.3.0",
      "dev": true,
      "license": "MIT",
      "dependencies": {
        "immediate": "~3.0.5"
      }
    },
    "node_modules/lru-cache": {
      "version": "11.5.1",
      "dev": true,
      "license": "BlueOak-1.0.0",
      "engines": {
        "node": "20 || >=22"
      }
    },
    "node_modules/minimatch": {
      "version": "10.2.5",
      "dev": true,
      "license": "BlueOak-1.0.0",
      "dependencies": {
        "brace-expansion": "^5.0.5"
      },
      "engines": {
        "node": "18 || 20 || >=22"
      },
      "funding": {
        "url": "https://github.com/sponsors/isaacs"
      }
    },
    "node_modules/minipass": {
      "version": "7.1.3",
      "dev": true,
      "license": "BlueOak-1.0.0",
      "engines": {
        "node": ">=16 || 14 >=14.17"
      }
    },
    "node_modules/package-json-from-dist": {
      "version": "1.0.1",
      "dev": true,
      "license": "BlueOak-1.0.0"
    },
    "node_modules/pako": {
      "version": "1.0.11",
      "dev": true,
      "license": "(MIT AND Zlib)"
    },
    "node_modules/path-key": {
      "version": "3.1.1",
      "dev": true,
      "license": "MIT",
      "engines": {
        "node": ">=8"
      }
    },
    "node_modules/path-scurry": {
      "version": "2.0.2",
      "dev": true,
      "license": "BlueOak-1.0.0",
      "dependencies": {
        "lru-cache": "^11.0.0",
        "minipass": "^7.1.2"
      },
      "engines": {
        "node": "18 || 20 || >=22"
      },
      "funding": {
        "url": "https://github.com/sponsors/isaacs"
      }
    },
    "node_modules/process-nextick-args": {
      "version": "2.0.1",
      "dev": true,
      "license": "MIT"
    },
    "node_modules/readable-stream": {
      "version": "2.3.8",
      "dev": true,
      "license": "MIT",
      "dependencies": {
        "core-util-is": "~1.0.0",
        "inherits": "~2.0.3",
        "isarray": "~1.0.0",
        "process-nextick-args": "~2.0.0",
        "safe-buffer": "~5.1.1",
        "string_decoder": "~1.1.1",
        "util-deprecate": "~1.0.1"
      }
    },
    "node_modules/safe-buffer": {
      "version": "5.1.2",
      "dev": true,
      "license": "MIT"
    },
    "node_modules/setimmediate": {
      "version": "1.0.5",
      "dev": true,
      "license": "MIT"
    },
    "node_modules/shebang-command": {
      "version": "2.0.0",
      "dev": true,
      "license": "MIT",
      "dependencies": {
        "shebang-regex": "^3.0.0"
      },
      "engines": {
        "node": ">=8"
      }
    },
    "node_modules/shebang-regex": {
      "version": "3.0.0",
      "dev": true,
      "license": "MIT",
      "engines": {
        "node": ">=8"
      }
    },
    "node_modules/signal-exit": {
      "version": "4.1.0",
      "dev": true,
      "license": "ISC",
      "engines": {
        "node": ">=14"
      },
      "funding": {
        "url": "https://github.com/sponsors/isaacs"
      }
    },
    "node_modules/string_decoder": {
      "version": "1.1.1",
      "dev": true,
      "license": "MIT",
      "dependencies": {
        "safe-buffer": "~5.1.0"
      }
    },
    "node_modules/typescript": {
      "version": "5.9.3",
      "resolved": "https://registry.npmjs.org/typescript/-/typescript-5.9.3.tgz",
      "integrity": "sha512-jl1vZzPDinLr9eUt3J/t7V6FgNEw9QjvBPdysz9KfQDD41fQrC2Y4vKQdiaUpFT4bXlb1RHhLpp8wtm6M5TgSw==",
      "dev": true,
      "license": "Apache-2.0",
      "bin": {
        "tsc": "bin/tsc",
        "tsserver": "bin/tsserver"
      },
      "engines": {
        "node": ">=14.17"
      }
    },
    "node_modules/util-deprecate": {
      "version": "1.0.2",
      "dev": true,
      "license": "MIT"
    },
    "node_modules/which": {
      "version": "2.0.2",
      "dev": true,
      "license": "ISC",
      "dependencies": {
        "isexe": "^2.0.0"
      },
      "bin": {
        "node-which": "bin/node-which"
      },
      "engines": {
        "node": ">= 8"
      }
    }
  }
}
